dependencies:
- name: redis
  repository: https://charts.bitnami.com/bitnami
  version: 20.0.5
- name: rabbitmq
  repository: https://charts.bitnami.com/bitnami
  version: 15.0.7
- name: postgresql
  repository: https://charts.bitnami.com/bitnami
  version: 16.0.6
digest: sha256:caf73189aa55ba77468591efd3f3becbcbb08a2cfad9637af0ced87e294668cd
generated: "2026-03-21T00:14:19.486815+01:00"
